
Microsoft Visual Studio Solution File, Format Version 12.00
# Visual Studio Version 17
VisualStudioVersion = 17.0.32014.148
MinimumVisualStudioVersion = 10.0.40219.1
Project("{9A19103F-16F7-4668-BE54-9A1E7A4F7556}") = "Contas.Web.Api.Host", "ContasContas.Web.Api.Host\Contas.Web.Api.Host.csproj", "{82825A25-79AC-4855-899A-1A16B644A76F}"
EndProject
Project("{FAE04EC0-301F-11D3-BF4B-00C04F79EFBC}") = "Contas.Web.Api.Data", "Contas.Web.Api.Data\Contas.Web.Api.Data.csproj", "{CA1243C2-4DC1-436A-A1E8-ED977D20B79F}"
EndProject
Project("{FAE04EC0-301F-11D3-BF4B-00C04F79EFBC}") = "Contas.Web.Api.Service", "Contas.Web.Api.Service\Contas.Web.Api.Service.csproj", "{E599DBD8-C2E7-40F4-B5A0-E1722159C60A}"
EndProject
Project("{FAE04EC0-301F-11D3-BF4B-00C04F79EFBC}") = "Contas.Web.Api.Infrastructure", "Contas.Web.Api.Infrastructure\Contas.Web.Api.Infrastructure.csproj", "{A9A9AD24-8B99-4CA9-83C7-691982D9E2EB}"
EndProject
Global
	GlobalSection(SolutionConfigurationPlatforms) = preSolution
		Debug|Any CPU = Debug|Any CPU
		Release|Any CPU = Release|Any CPU
	EndGlobalSection
	GlobalSection(ProjectConfigurationPlatforms) = postSolution
		{82825A25-79AC-4855-899A-1A16B644A76F}.Debug|Any CPU.ActiveCfg = Debug|Any CPU
		{82825A25-79AC-4855-899A-1A16B644A76F}.Debug|Any CPU.Build.0 = Debug|Any CPU
		{82825A25-79AC-4855-899A-1A16B644A76F}.Release|Any CPU.ActiveCfg = Release|Any CPU
		{82825A25-79AC-4855-899A-1A16B644A76F}.Release|Any CPU.Build.0 = Release|Any CPU
		{CA1243C2-4DC1-436A-A1E8-ED977D20B79F}.Debug|Any CPU.ActiveCfg = Debug|Any CPU
		{CA1243C2-4DC1-436A-A1E8-ED977D20B79F}.Debug|Any CPU.Build.0 = Debug|Any CPU
		{CA1243C2-4DC1-436A-A1E8-ED977D20B79F}.Release|Any CPU.ActiveCfg = Release|Any CPU
		{CA1243C2-4DC1-436A-A1E8-ED977D20B79F}.Release|Any CPU.Build.0 = Release|Any CPU
		{E599DBD8-C2E7-40F4-B5A0-E1722159C60A}.Debug|Any CPU.ActiveCfg = Debug|Any CPU
		{E599DBD8-C2E7-40F4-B5A0-E1722159C60A}.Debug|Any CPU.Build.0 = Debug|Any CPU
		{E599DBD8-C2E7-40F4-B5A0-E1722159C60A}.Release|Any CPU.ActiveCfg = Release|Any CPU
		{E599DBD8-C2E7-40F4-B5A0-E1722159C60A}.Release|Any CPU.Build.0 = Release|Any CPU
		{A9A9AD24-8B99-4CA9-83C7-691982D9E2EB}.Debug|Any CPU.ActiveCfg = Debug|Any CPU
		{A9A9AD24-8B99-4CA9-83C7-691982D9E2EB}.Debug|Any CPU.Build.0 = Debug|Any CPU
		{A9A9AD24-8B99-4CA9-83C7-691982D9E2EB}.Release|Any CPU.ActiveCfg = Release|Any CPU
		{A9A9AD24-8B99-4CA9-83C7-691982D9E2EB}.Release|Any CPU.Build.0 = Release|Any CPU
	EndGlobalSection
	GlobalSection(SolutionProperties) = preSolution
		HideSolutionNode = FALSE
	EndGlobalSection
	GlobalSection(ExtensibilityGlobals) = postSolution
		SolutionGuid = {9D58EA82-D622-43D1-995C-F0F437C6BB22}
	EndGlobalSection
EndGlobal
